# This file was autogenerated by uv via the following command:
#    uv pip compile pyproject.toml --python-version 3.12 --extra dev --output-file requirements-dev.lock
altgraph==0.17.5
    # via pyinstaller
annotated-types==0.8.0
    # via pydantic
charset-normalizer==3.4.9
    # via reportlab
colorama==0.4.6
    # via pytest
coverage==7.15.4
    # via pytest-cov
greenlet==3.5.4
    # via sqlalchemy
iniconfig==2.3.0
    # via pytest
jinja2==3.1.6
    # via fenbi-study-pipeline (pyproject.toml)
markupsafe==3.0.3
    # via jinja2
numpy==2.5.2
    # via opencv-contrib-python
opencv-contrib-python==4.10.0.84
    # via fenbi-study-pipeline (pyproject.toml)
packaging==26.3
    # via
    #   pyinstaller
    #   pyinstaller-hooks-contrib
    #   pytest
pefile==2024.8.26
    # via pyinstaller
pillow==12.2.0
    # via
    #   fenbi-study-pipeline (pyproject.toml)
    #   reportlab
pluggy==1.6.0
    # via
    #   pytest
    #   pytest-cov
pydantic==2.13.4
    # via
    #   fenbi-study-pipeline (pyproject.toml)
    #   pydantic-settings
pydantic-core==2.46.4
    # via pydantic
pydantic-settings==2.14.1
    # via fenbi-study-pipeline (pyproject.toml)
pygments==2.20.0
    # via pytest
pyinstaller==6.21.0
    # via fenbi-study-pipeline (pyproject.toml)
pyinstaller-hooks-contrib==2026.6
    # via pyinstaller
pymupdf==1.27.2.3
    # via fenbi-study-pipeline (pyproject.toml)
pyside6==6.11.1
    # via fenbi-study-pipeline (pyproject.toml)
pyside6-addons==6.11.1
    # via pyside6
pyside6-essentials==6.11.1
    # via
    #   pyside6
    #   pyside6-addons
pytest==9.0.3
    # via
    #   fenbi-study-pipeline (pyproject.toml)
    #   pytest-cov
pytest-cov==7.0.0
    # via fenbi-study-pipeline (pyproject.toml)
python-dotenv==1.2.2
    # via pydantic-settings
pywin32-ctypes==0.2.3
    # via pyinstaller
reportlab==5.0.0
    # via fenbi-study-pipeline (pyproject.toml)
setuptools==84.0.0
    # via pyinstaller
shiboken6==6.11.1
    # via
    #   pyside6
    #   pyside6-addons
    #   pyside6-essentials
sqlalchemy==2.0.51
    # via fenbi-study-pipeline (pyproject.toml)
typing-extensions==4.16.0
    # via
    #   pydantic
    #   pydantic-core
    #   sqlalchemy
    #   typing-inspection
typing-inspection==0.4.2
    # via
    #   pydantic
    #   pydantic-settings
